
Microsoft Visual Studio Solution File, Format Version 12.00
# Visual Studio Version 17
VisualStudioVersion = 17.7.34003.232
MinimumVisualStudioVersion = 10.0.40219.1
Project("{FAE04EC0-301F-11D3-BF4B-00C04F79EFBC}") = "KuisPertemuan14", "KuisPertemuan14.csproj", "{288AA9C5-813D-4170-88C9-B5F9DA6978ED}"
EndProject
Global
	GlobalSection(SolutionConfigurationPlatforms) = preSolution
		Debug|Any CPU = Debug|Any CPU
		Release|Any CPU = Release|Any CPU
	EndGlobalSection
	GlobalSection(ProjectConfigurationPlatforms) = postSolution
		{288AA9C5-813D-4170-88C9-B5F9DA6978ED}.Debug|Any CPU.ActiveCfg = Debug|Any CPU
		{288AA9C5-813D-4170-88C9-B5F9DA6978ED}.Debug|Any CPU.Build.0 = Debug|Any CPU
		{288AA9C5-813D-4170-88C9-B5F9DA6978ED}.Release|Any CPU.ActiveCfg = Release|Any CPU
		{288AA9C5-813D-4170-88C9-B5F9DA6978ED}.Release|Any CPU.Build.0 = Release|Any CPU
	EndGlobalSection
	GlobalSection(SolutionProperties) = preSolution
		HideSolutionNode = FALSE
	EndGlobalSection
	GlobalSection(ExtensibilityGlobals) = postSolution
		SolutionGuid = {D49BC0A1-4FAB-42B1-85D9-A35BEDC137F4}
	EndGlobalSection
EndGlobal
